
Microsoft Visual Studio Solution File, Format Version 12.00
# Visual Studio Version 16
VisualStudioVersion = 16.0.33423.256
MinimumVisualStudioVersion = 10.0.40219.1
Project("{C9674DCB-5085-4A16-B785-4C70DD1589BD}") = "ETL Prova ADRIANO", "Integration Services Project1\ETL Prova ADRIANO.dtproj", "{B3B3AA34-27BF-49F9-A10A-DA69E61E8D28}"
EndProject
Global
	GlobalSection(SolutionConfigurationPlatforms) = preSolution
		Development|Default = Development|Default
	EndGlobalSection
	GlobalSection(ProjectConfigurationPlatforms) = postSolution
		{B3B3AA34-27BF-49F9-A10A-DA69E61E8D28}.Development|Default.ActiveCfg = Development
		{B3B3AA34-27BF-49F9-A10A-DA69E61E8D28}.Development|Default.Build.0 = Development
	EndGlobalSection
	GlobalSection(SolutionProperties) = preSolution
		HideSolutionNode = FALSE
	EndGlobalSection
	GlobalSection(ExtensibilityGlobals) = postSolution
		SolutionGuid = {2423AACE-019B-4DD0-B3C2-639380F3998C}
	EndGlobalSection
EndGlobal
